
Microsoft Visual Studio Solution File, Format Version 12.00
# Visual Studio Version 17
VisualStudioVersion = 17.0.32126.317
MinimumVisualStudioVersion = 10.0.40219.1
Project("{8BC9CEB8-8B4A-11D0-8D11-00A0C91BC942}") = "Workshop 4 part 2 345", "Workshop 4 part 2 345.vcxproj", "{FA22D95C-27BB-4B39-BB25-5FD2B83822CC}"
EndProject
Global
	GlobalSection(SolutionConfigurationPlatforms) = preSolution
		Debug|x64 = Debug|x64
		Debug|x86 = Debug|x86
		Release|x64 = Release|x64
		Release|x86 = Release|x86
	EndGlobalSection
	GlobalSection(ProjectConfigurationPlatforms) = postSolution
		{FA22D95C-27BB-4B39-BB25-5FD2B83822CC}.Debug|x64.ActiveCfg = Debug|x64
		{FA22D95C-27BB-4B39-BB25-5FD2B83822CC}.Debug|x64.Build.0 = Debug|x64
		{FA22D95C-27BB-4B39-BB25-5FD2B83822CC}.Debug|x86.ActiveCfg = Debug|Win32
		{FA22D95C-27BB-4B39-BB25-5FD2B83822CC}.Debug|x86.Build.0 = Debug|Win32
		{FA22D95C-27BB-4B39-BB25-5FD2B83822CC}.Release|x64.ActiveCfg = Release|x64
		{FA22D95C-27BB-4B39-BB25-5FD2B83822CC}.Release|x64.Build.0 = Release|x64
		{FA22D95C-27BB-4B39-BB25-5FD2B83822CC}.Release|x86.ActiveCfg = Release|Win32
		{FA22D95C-27BB-4B39-BB25-5FD2B83822CC}.Release|x86.Build.0 = Release|Win32
	EndGlobalSection
	GlobalSection(SolutionProperties) = preSolution
		HideSolutionNode = FALSE
	EndGlobalSection
	GlobalSection(ExtensibilityGlobals) = postSolution
		SolutionGuid = {10237C5D-E520-41D1-AFF0-DD9FB7858541}
	EndGlobalSection
EndGlobal
